
Microsoft Visual Studio Solution File, Format Version 12.00
# Visual Studio Version 17
VisualStudioVersion = 17.7.34031.279
MinimumVisualStudioVersion = 10.0.40219.1
Project("{FAE04EC0-301F-11D3-BF4B-00C04F79EFBC}") = "Wanderley_Flores_My_Project_WF", "Wanderley_Flores_My_Project_WF.csproj", "{229AB303-5C5D-45A8-91C0-FA2562BAF707}"
EndProject
Global
	GlobalSection(SolutionConfigurationPlatforms) = preSolution
		Debug|Any CPU = Debug|Any CPU
		Release|Any CPU = Release|Any CPU
	EndGlobalSection
	GlobalSection(ProjectConfigurationPlatforms) = postSolution
		{229AB303-5C5D-45A8-91C0-FA2562BAF707}.Debug|Any CPU.ActiveCfg = Debug|Any CPU
		{229AB303-5C5D-45A8-91C0-FA2562BAF707}.Debug|Any CPU.Build.0 = Debug|Any CPU
		{229AB303-5C5D-45A8-91C0-FA2562BAF707}.Release|Any CPU.ActiveCfg = Release|Any CPU
		{229AB303-5C5D-45A8-91C0-FA2562BAF707}.Release|Any CPU.Build.0 = Release|Any CPU
	EndGlobalSection
	GlobalSection(SolutionProperties) = preSolution
		HideSolutionNode = FALSE
	EndGlobalSection
	GlobalSection(ExtensibilityGlobals) = postSolution
		SolutionGuid = {D06FDE08-5457-4C84-89E2-1D44C0CA556F}
	EndGlobalSection
EndGlobal
